
Microsoft Visual Studio Solution File, Format Version 12.00
# Visual Studio Version 16
VisualStudioVersion = 16.0.31424.327
MinimumVisualStudioVersion = 10.0.40219.1
Project("{2150E333-8FDC-42A3-9474-1A3956D46DE8}") = "Learning.NetStandard", "Learning.NetStandard", "{51D78652-191D-4DED-B053-06789A01D8EE}"
EndProject
Project("{9A19103F-16F7-4668-BE54-9A1E7A4F7556}") = "WiredBrainCoffee.Simulators", "WiredBrainCoffee.Simulators\WiredBrainCoffee.Simulators.csproj", "{42EE510A-5F46-4D3F-9942-BABB9996AD53}"
EndProject
Project("{9A19103F-16F7-4668-BE54-9A1E7A4F7556}") = "WiredBrainCoffee.ConsoleApp", "WiredBrainCoffee.ConsoleApp\WiredBrainCoffee.ConsoleApp.csproj", "{44938932-5262-420D-B15F-43D67629622D}"
EndProject
Project("{2150E333-8FDC-42A3-9474-1A3956D46DE8}") = ".NET Core", ".NET Core", "{DA397DA9-6335-49E2-A0D1-A627E6677B58}"
EndProject
Project("{2150E333-8FDC-42A3-9474-1A3956D46DE8}") = ".NET Stardard", ".NET Stardard", "{42DE140E-48DC-4BE7-8F44-66B8369F1C91}"
EndProject
Project("{2150E333-8FDC-42A3-9474-1A3956D46DE8}") = ".NET Framework", ".NET Framework", "{E8CFADFB-2A5C-44CC-B391-AA1C4ABDA898}"
EndProject
Project("{FAE04EC0-301F-11D3-BF4B-00C04F79EFBC}") = "WiredBrainCoffee.Console", "WiredBrainCoffee.Console\WiredBrainCoffee.Console.csproj", "{7E7C8CB2-EA06-40CF-A6E6-33A41EF352CA}"
EndProject
Project("{2150E333-8FDC-42A3-9474-1A3956D46DE8}") = "Learning.Building", "Learning.Building", "{33032D4B-9EB8-4574-95E8-7E74A6EDE35C}"
EndProject
Project("{2150E333-8FDC-42A3-9474-1A3956D46DE8}") = "Learning.Choosing", "Learning.Choosing", "{33B223E4-B4C0-45A0-8A8C-70DB3D776593}"
EndProject
Project("{2150E333-8FDC-42A3-9474-1A3956D46DE8}") = "Learning.Understanding", "Learning.Understanding", "{62DA19E7-7BA1-41B8-A437-DF59331D00A6}"
EndProject
Project("{2150E333-8FDC-42A3-9474-1A3956D46DE8}") = "Learning.Referencing", "Learning.Referencing", "{38A66B97-7936-4A9D-865F-5EEBD33CA5AA}"
EndProject
Project("{2150E333-8FDC-42A3-9474-1A3956D46DE8}") = "Learning.Migration", "Learning.Migration", "{C404815A-2C24-43A3-83AA-D15FD3227EE9}"
EndProject
Project("{2150E333-8FDC-42A3-9474-1A3956D46DE8}") = "Learning.Using", "Learning.Using", "{C48A8AAF-016D-43A9-9DA5-9DA430111A1E}"
EndProject
Project("{2150E333-8FDC-42A3-9474-1A3956D46DE8}") = "Learning.Generating", "Learning.Generating", "{75980CC0-6205-4EA1-B82B-F2F0764FE66F}"
EndProject
Project("{2150E333-8FDC-42A3-9474-1A3956D46DE8}") = ".NET Core", ".NET Core", "{1C69456A-6C22-44A3-8E4E-FCBA833DA66B}"
EndProject
Project("{2150E333-8FDC-42A3-9474-1A3956D46DE8}") = ".NET Framework", ".NET Framework", "{63882ACD-1179-4B65-9C0D-1089AD651DA1}"
EndProject
Project("{2150E333-8FDC-42A3-9474-1A3956D46DE8}") = ".NET Standard", ".NET Standard", "{702EA26C-B074-4051-9588-5C1EAFB10A81}"
EndProject
Project("{9A19103F-16F7-4668-BE54-9A1E7A4F7556}") = "WiredBrainCoffee.ConsoleCore", "WiredBrainCoffee.ConsoleCore\WiredBrainCoffee.ConsoleCore.csproj", "{F5BD7B22-7C5A-4E72-B0B3-617508063712}"
EndProject
Project("{9A19103F-16F7-4668-BE54-9A1E7A4F7556}") = "WiredBrainCoffee.Simulator.Referecing", "WiredBrainCoffee.Simulator.Referecing\WiredBrainCoffee.Simulator.Referecing.csproj", "{4062AEE5-3478-4926-935A-427862710191}"
EndProject
Project("{FAE04EC0-301F-11D3-BF4B-00C04F79EFBC}") = "WiredBrainCoffee.ConsoleFrame.Referecing", "WiredBrainCoffee.ConsoleFrame.Referecing\WiredBrainCoffee.ConsoleFrame.Referecing.csproj", "{5FFBC609-AB8D-4DE4-A0CB-FD521C7A2E0E}"
EndProject
Project("{FAE04EC0-301F-11D3-BF4B-00C04F79EFBC}") = "WiredBrainCoffee.Storage.Referencing", "WiredBrainCoffee.Storage.Referencing\WiredBrainCoffee.Storage.Referencing.csproj", "{3DA4E6C8-80D2-4FF0-873C-963FB2CC8B96}"
EndProject
Project("{2150E333-8FDC-42A3-9474-1A3956D46DE8}") = ".Net Core", ".Net Core", "{91C942C6-73E7-468A-BE63-1A8E072CAB5F}"
EndProject
Project("{2150E333-8FDC-42A3-9474-1A3956D46DE8}") = ".Net Standard", ".Net Standard", "{F374F587-6FF4-437D-A082-EF86D439F274}"
EndProject
Project("{2150E333-8FDC-42A3-9474-1A3956D46DE8}") = ".Net framework", ".Net framework", "{DF9D394C-4361-42A1-BCA0-6FD64FDD028C}"
EndProject
Project("{9A19103F-16F7-4668-BE54-9A1E7A4F7556}") = "MigrationPackage", "MigrationPackage\MigrationPackage.csproj", "{58177456-F2EA-415D-8491-0CD491A02D52}"
EndProject
Project("{FAE04EC0-301F-11D3-BF4B-00C04F79EFBC}") = "MigrationPackageFramework", "MigrationPackageFramework\MigrationPackageFramework.csproj", "{49EF8426-504A-4E35-9BAF-593F9EF80C95}"
EndProject
Project("{9A19103F-16F7-4668-BE54-9A1E7A4F7556}") = "MigrationPackageStorage", "MigrationPackageStorage\MigrationPackageStorage.csproj", "{FB4B5714-0940-422F-BF07-923C570672EF}"
EndProject
Project("{9A19103F-16F7-4668-BE54-9A1E7A4F7556}") = "MigrationPackageSimulator", "MigrationPackageSimulator\MigrationPackageSimulator.csproj", "{1699BDA8-EB39-43D4-86CA-ECB498305D0D}"
EndProject
Project("{2150E333-8FDC-42A3-9474-1A3956D46DE8}") = ".Net Core", ".Net Core", "{8CE2B3DC-4ABA-41B0-9E47-B1268EE305BC}"
EndProject
Project("{2150E333-8FDC-42A3-9474-1A3956D46DE8}") = ".Net Standard", ".Net Standard", "{E8889274-28E8-440B-AAB2-1E0200D62F7A}"
EndProject
Project("{2150E333-8FDC-42A3-9474-1A3956D46DE8}") = ".Net Framework", ".Net Framework", "{DF8CF2D6-92A2-46BC-A3D2-F10701100276}"
EndProject
Project("{9A19103F-16F7-4668-BE54-9A1E7A4F7556}") = "UsingMultiplePlataformConsole", "UsingMultiplePlataformConsole\UsingMultiplePlataformConsole.csproj", "{E6EA1F63-2E41-498D-99A4-A06BBF5A9B71}"
EndProject
Project("{9A19103F-16F7-4668-BE54-9A1E7A4F7556}") = "UsingMultiplePlataformSimulator", "UsingMultiplePlataformSimulator\UsingMultiplePlataformSimulator.csproj", "{D148B5AA-5C09-40EC-95D1-3FEC59D3BDCC}"
EndProject
Project("{9A19103F-16F7-4668-BE54-9A1E7A4F7556}") = "UsingMultiplePlataformStorage", "UsingMultiplePlataformStorage\UsingMultiplePlataformStorage.csproj", "{B21296FF-0738-4ECE-8741-50B6BF5B9F9A}"
EndProject
Project("{FAE04EC0-301F-11D3-BF4B-00C04F79EFBC}") = "UsingMultiplePlataformWPF", "UsingMultiplePlataformWPF\UsingMultiplePlataformWPF.csproj", "{F51CD9E6-9825-4157-9DBB-7D0C81BE7742}"
EndProject
Project("{2150E333-8FDC-42A3-9474-1A3956D46DE8}") = "Learning.Tests", "Learning.Tests", "{7BBE2F39-5C0F-4E1E-B7F4-38BFFA1F56C4}"
EndProject
Project("{2150E333-8FDC-42A3-9474-1A3956D46DE8}") = "Unit.Test", "Unit.Test", "{122A2977-0DDD-46A3-B318-EBBA6D25D7AB}"
EndProject
Project("{2150E333-8FDC-42A3-9474-1A3956D46DE8}") = "0.1 - Basic Tests", "0.1 - Basic Tests", "{2F3E6488-BFCE-414A-B4DF-C533E324A3F2}"
EndProject
Project("{9A19103F-16F7-4668-BE54-9A1E7A4F7556}") = "Demo", "Demo\Demo.csproj", "{F7CAAA99-12B1-4E2D-9400-CDF2BCE9EC09}"
EndProject
Project("{9A19103F-16F7-4668-BE54-9A1E7A4F7556}") = "Demo.Tests", "Demo.Tests\Demo.Tests.csproj", "{64486E51-93D2-472E-866D-AE8D49FC42BA}"
EndProject
Project("{2150E333-8FDC-42A3-9474-1A3956D46DE8}") = "0.2 - Features", "0.2 - Features", "{F246E8F8-7A56-4047-A774-5938D710437D}"
EndProject
Project("{FAE04EC0-301F-11D3-BF4B-00C04F79EFBC}") = "Features", "Features\Features.csproj", "{75A35944-9A1D-4F98-96C7-0516DB048F01}"
EndProject
Project("{FAE04EC0-301F-11D3-BF4B-00C04F79EFBC}") = "Features.Tests", "Features.Tests\Features.Tests.csproj", "{481EBD57-DCC3-43B5-BEAE-EF105F607E2B}"
EndProject
Global
	GlobalSection(SolutionConfigurationPlatforms) = preSolution
		Debug|Any CPU = Debug|Any CPU
		Release|Any CPU = Release|Any CPU
	EndGlobalSection
	GlobalSection(ProjectConfigurationPlatforms) = postSolution
		{42EE510A-5F46-4D3F-9942-BABB9996AD53}.Debug|Any CPU.ActiveCfg = Debug|Any CPU
		{42EE510A-5F46-4D3F-9942-BABB9996AD53}.Debug|Any CPU.Build.0 = Debug|Any CPU
		{42EE510A-5F46-4D3F-9942-BABB9996AD53}.Release|Any CPU.ActiveCfg = Release|Any CPU
		{42EE510A-5F46-4D3F-9942-BABB9996AD53}.Release|Any CPU.Build.0 = Release|Any CPU
		{44938932-5262-420D-B15F-43D67629622D}.Debug|Any CPU.ActiveCfg = Debug|Any CPU
		{44938932-5262-420D-B15F-43D67629622D}.Debug|Any CPU.Build.0 = Debug|Any CPU
		{44938932-5262-420D-B15F-43D67629622D}.Release|Any CPU.ActiveCfg = Release|Any CPU
		{44938932-5262-420D-B15F-43D67629622D}.Release|Any CPU.Build.0 = Release|Any CPU
		{7E7C8CB2-EA06-40CF-A6E6-33A41EF352CA}.Debug|Any CPU.ActiveCfg = Debug|Any CPU
		{7E7C8CB2-EA06-40CF-A6E6-33A41EF352CA}.Debug|Any CPU.Build.0 = Debug|Any CPU
		{7E7C8CB2-EA06-40CF-A6E6-33A41EF352CA}.Release|Any CPU.ActiveCfg = Release|Any CPU
		{7E7C8CB2-EA06-40CF-A6E6-33A41EF352CA}.Release|Any CPU.Build.0 = Release|Any CPU
		{F5BD7B22-7C5A-4E72-B0B3-617508063712}.Debug|Any CPU.ActiveCfg = Debug|Any CPU
		{F5BD7B22-7C5A-4E72-B0B3-617508063712}.Debug|Any CPU.Build.0 = Debug|Any CPU
		{F5BD7B22-7C5A-4E72-B0B3-617508063712}.Release|Any CPU.ActiveCfg = Release|Any CPU
		{F5BD7B22-7C5A-4E72-B0B3-617508063712}.Release|Any CPU.Build.0 = Release|Any CPU
		{4062AEE5-3478-4926-935A-427862710191}.Debug|Any CPU.ActiveCfg = Debug|Any CPU
		{4062AEE5-3478-4926-935A-427862710191}.Debug|Any CPU.Build.0 = Debug|Any CPU
		{4062AEE5-3478-4926-935A-427862710191}.Release|Any CPU.ActiveCfg = Release|Any CPU
		{4062AEE5-3478-4926-935A-427862710191}.Release|Any CPU.Build.0 = Release|Any CPU
		{5FFBC609-AB8D-4DE4-A0CB-FD521C7A2E0E}.Debug|Any CPU.ActiveCfg = Debug|Any CPU
		{5FFBC609-AB8D-4DE4-A0CB-FD521C7A2E0E}.Debug|Any CPU.Build.0 = Debug|Any CPU
		{5FFBC609-AB8D-4DE4-A0CB-FD521C7A2E0E}.Release|Any CPU.ActiveCfg = Release|Any CPU
		{5FFBC609-AB8D-4DE4-A0CB-FD521C7A2E0E}.Release|Any CPU.Build.0 = Release|Any CPU
		{3DA4E6C8-80D2-4FF0-873C-963FB2CC8B96}.Debug|Any CPU.ActiveCfg = Debug|Any CPU
		{3DA4E6C8-80D2-4FF0-873C-963FB2CC8B96}.Debug|Any CPU.Build.0 = Debug|Any CPU
		{3DA4E6C8-80D2-4FF0-873C-963FB2CC8B96}.Release|Any CPU.ActiveCfg = Release|Any CPU
		{3DA4E6C8-80D2-4FF0-873C-963FB2CC8B96}.Release|Any CPU.Build.0 = Release|Any CPU
		{58177456-F2EA-415D-8491-0CD491A02D52}.Debug|Any CPU.ActiveCfg = Debug|Any CPU
		{58177456-F2EA-415D-8491-0CD491A02D52}.Debug|Any CPU.Build.0 = Debug|Any CPU
		{58177456-F2EA-415D-8491-0CD491A02D52}.Release|Any CPU.ActiveCfg = Release|Any CPU
		{58177456-F2EA-415D-8491-0CD491A02D52}.Release|Any CPU.Build.0 = Release|Any CPU
		{49EF8426-504A-4E35-9BAF-593F9EF80C95}.Debug|Any CPU.ActiveCfg = Debug|Any CPU
		{49EF8426-504A-4E35-9BAF-593F9EF80C95}.Debug|Any CPU.Build.0 = Debug|Any CPU
		{49EF8426-504A-4E35-9BAF-593F9EF80C95}.Release|Any CPU.ActiveCfg = Release|Any CPU
		{49EF8426-504A-4E35-9BAF-593F9EF80C95}.Release|Any CPU.Build.0 = Release|Any CPU
		{FB4B5714-0940-422F-BF07-923C570672EF}.Debug|Any CPU.ActiveCfg = Debug|Any CPU
		{FB4B5714-0940-422F-BF07-923C570672EF}.Debug|Any CPU.Build.0 = Debug|Any CPU
		{FB4B5714-0940-422F-BF07-923C570672EF}.Release|Any CPU.ActiveCfg = Release|Any CPU
		{FB4B5714-0940-422F-BF07-923C570672EF}.Release|Any CPU.Build.0 = Release|Any CPU
		{1699BDA8-EB39-43D4-86CA-ECB498305D0D}.Debug|Any CPU.ActiveCfg = Debug|Any CPU
		{1699BDA8-EB39-43D4-86CA-ECB498305D0D}.Debug|Any CPU.Build.0 = Debug|Any CPU
		{1699BDA8-EB39-43D4-86CA-ECB498305D0D}.Release|Any CPU.ActiveCfg = Release|Any CPU
		{1699BDA8-EB39-43D4-86CA-ECB498305D0D}.Release|Any CPU.Build.0 = Release|Any CPU
		{E6EA1F63-2E41-498D-99A4-A06BBF5A9B71}.Debug|Any CPU.ActiveCfg = Debug|Any CPU
		{E6EA1F63-2E41-498D-99A4-A06BBF5A9B71}.Debug|Any CPU.Build.0 = Debug|Any CPU
		{E6EA1F63-2E41-498D-99A4-A06BBF5A9B71}.Release|Any CPU.ActiveCfg = Release|Any CPU
		{E6EA1F63-2E41-498D-99A4-A06BBF5A9B71}.Release|Any CPU.Build.0 = Release|Any CPU
		{D148B5AA-5C09-40EC-95D1-3FEC59D3BDCC}.Debug|Any CPU.ActiveCfg = Debug|Any CPU
		{D148B5AA-5C09-40EC-95D1-3FEC59D3BDCC}.Debug|Any CPU.Build.0 = Debug|Any CPU
		{D148B5AA-5C09-40EC-95D1-3FEC59D3BDCC}.Release|Any CPU.ActiveCfg = Release|Any CPU
		{D148B5AA-5C09-40EC-95D1-3FEC59D3BDCC}.Release|Any CPU.Build.0 = Release|Any CPU
		{B21296FF-0738-4ECE-8741-50B6BF5B9F9A}.Debug|Any CPU.ActiveCfg = Debug|Any CPU
		{B21296FF-0738-4ECE-8741-50B6BF5B9F9A}.Debug|Any CPU.Build.0 = Debug|Any CPU
		{B21296FF-0738-4ECE-8741-50B6BF5B9F9A}.Release|Any CPU.ActiveCfg = Release|Any CPU
		{B21296FF-0738-4ECE-8741-50B6BF5B9F9A}.Release|Any CPU.Build.0 = Release|Any CPU
		{F51CD9E6-9825-4157-9DBB-7D0C81BE7742}.Debug|Any CPU.ActiveCfg = Debug|Any CPU
		{F51CD9E6-9825-4157-9DBB-7D0C81BE7742}.Debug|Any CPU.Build.0 = Debug|Any CPU
		{F51CD9E6-9825-4157-9DBB-7D0C81BE7742}.Release|Any CPU.ActiveCfg = Release|Any CPU
		{F51CD9E6-9825-4157-9DBB-7D0C81BE7742}.Release|Any CPU.Build.0 = Release|Any CPU
		{F7CAAA99-12B1-4E2D-9400-CDF2BCE9EC09}.Debug|Any CPU.ActiveCfg = Debug|Any CPU
		{F7CAAA99-12B1-4E2D-9400-CDF2BCE9EC09}.Debug|Any CPU.Build.0 = Debug|Any CPU
		{F7CAAA99-12B1-4E2D-9400-CDF2BCE9EC09}.Release|Any CPU.ActiveCfg = Release|Any CPU
		{F7CAAA99-12B1-4E2D-9400-CDF2BCE9EC09}.Release|Any CPU.Build.0 = Release|Any CPU
		{64486E51-93D2-472E-866D-AE8D49FC42BA}.Debug|Any CPU.ActiveCfg = Debug|Any CPU
		{64486E51-93D2-472E-866D-AE8D49FC42BA}.Debug|Any CPU.Build.0 = Debug|Any CPU
		{64486E51-93D2-472E-866D-AE8D49FC42BA}.Release|Any CPU.ActiveCfg = Release|Any CPU
		{64486E51-93D2-472E-866D-AE8D49FC42BA}.Release|Any CPU.Build.0 = Release|Any CPU
		{75A35944-9A1D-4F98-96C7-0516DB048F01}.Debug|Any CPU.ActiveCfg = Debug|Any CPU
		{75A35944-9A1D-4F98-96C7-0516DB048F01}.Debug|Any CPU.Build.0 = Debug|Any CPU
		{75A35944-9A1D-4F98-96C7-0516DB048F01}.Release|Any CPU.ActiveCfg = Release|Any CPU
		{75A35944-9A1D-4F98-96C7-0516DB048F01}.Release|Any CPU.Build.0 = Release|Any CPU
		{481EBD57-DCC3-43B5-BEAE-EF105F607E2B}.Debug|Any CPU.ActiveCfg = Debug|Any CPU
		{481EBD57-DCC3-43B5-BEAE-EF105F607E2B}.Debug|Any CPU.Build.0 = Debug|Any CPU
		{481EBD57-DCC3-43B5-BEAE-EF105F607E2B}.Release|Any CPU.ActiveCfg = Release|Any CPU
		{481EBD57-DCC3-43B5-BEAE-EF105F607E2B}.Release|Any CPU.Build.0 = Release|Any CPU
	EndGlobalSection
	GlobalSection(SolutionProperties) = preSolution
		HideSolutionNode = FALSE
	EndGlobalSection
	GlobalSection(NestedProjects) = preSolution
		{42EE510A-5F46-4D3F-9942-BABB9996AD53} = {42DE140E-48DC-4BE7-8F44-66B8369F1C91}
		{44938932-5262-420D-B15F-43D67629622D} = {DA397DA9-6335-49E2-A0D1-A627E6677B58}
		{DA397DA9-6335-49E2-A0D1-A627E6677B58} = {33032D4B-9EB8-4574-95E8-7E74A6EDE35C}
		{42DE140E-48DC-4BE7-8F44-66B8369F1C91} = {33032D4B-9EB8-4574-95E8-7E74A6EDE35C}
		{E8CFADFB-2A5C-44CC-B391-AA1C4ABDA898} = {33032D4B-9EB8-4574-95E8-7E74A6EDE35C}
		{7E7C8CB2-EA06-40CF-A6E6-33A41EF352CA} = {E8CFADFB-2A5C-44CC-B391-AA1C4ABDA898}
		{33032D4B-9EB8-4574-95E8-7E74A6EDE35C} = {51D78652-191D-4DED-B053-06789A01D8EE}
		{33B223E4-B4C0-45A0-8A8C-70DB3D776593} = {51D78652-191D-4DED-B053-06789A01D8EE}
		{62DA19E7-7BA1-41B8-A437-DF59331D00A6} = {51D78652-191D-4DED-B053-06789A01D8EE}
		{38A66B97-7936-4A9D-865F-5EEBD33CA5AA} = {51D78652-191D-4DED-B053-06789A01D8EE}
		{C404815A-2C24-43A3-83AA-D15FD3227EE9} = {51D78652-191D-4DED-B053-06789A01D8EE}
		{C48A8AAF-016D-43A9-9DA5-9DA430111A1E} = {51D78652-191D-4DED-B053-06789A01D8EE}
		{75980CC0-6205-4EA1-B82B-F2F0764FE66F} = {51D78652-191D-4DED-B053-06789A01D8EE}
		{1C69456A-6C22-44A3-8E4E-FCBA833DA66B} = {38A66B97-7936-4A9D-865F-5EEBD33CA5AA}
		{63882ACD-1179-4B65-9C0D-1089AD651DA1} = {38A66B97-7936-4A9D-865F-5EEBD33CA5AA}
		{702EA26C-B074-4051-9588-5C1EAFB10A81} = {38A66B97-7936-4A9D-865F-5EEBD33CA5AA}
		{F5BD7B22-7C5A-4E72-B0B3-617508063712} = {1C69456A-6C22-44A3-8E4E-FCBA833DA66B}
		{4062AEE5-3478-4926-935A-427862710191} = {702EA26C-B074-4051-9588-5C1EAFB10A81}
		{5FFBC609-AB8D-4DE4-A0CB-FD521C7A2E0E} = {63882ACD-1179-4B65-9C0D-1089AD651DA1}
		{3DA4E6C8-80D2-4FF0-873C-963FB2CC8B96} = {63882ACD-1179-4B65-9C0D-1089AD651DA1}
		{91C942C6-73E7-468A-BE63-1A8E072CAB5F} = {C404815A-2C24-43A3-83AA-D15FD3227EE9}
		{F374F587-6FF4-437D-A082-EF86D439F274} = {C404815A-2C24-43A3-83AA-D15FD3227EE9}
		{DF9D394C-4361-42A1-BCA0-6FD64FDD028C} = {C404815A-2C24-43A3-83AA-D15FD3227EE9}
		{58177456-F2EA-415D-8491-0CD491A02D52} = {91C942C6-73E7-468A-BE63-1A8E072CAB5F}
		{49EF8426-504A-4E35-9BAF-593F9EF80C95} = {DF9D394C-4361-42A1-BCA0-6FD64FDD028C}
		{FB4B5714-0940-422F-BF07-923C570672EF} = {F374F587-6FF4-437D-A082-EF86D439F274}
		{1699BDA8-EB39-43D4-86CA-ECB498305D0D} = {F374F587-6FF4-437D-A082-EF86D439F274}
		{8CE2B3DC-4ABA-41B0-9E47-B1268EE305BC} = {C48A8AAF-016D-43A9-9DA5-9DA430111A1E}
		{E8889274-28E8-440B-AAB2-1E0200D62F7A} = {C48A8AAF-016D-43A9-9DA5-9DA430111A1E}
		{DF8CF2D6-92A2-46BC-A3D2-F10701100276} = {C48A8AAF-016D-43A9-9DA5-9DA430111A1E}
		{E6EA1F63-2E41-498D-99A4-A06BBF5A9B71} = {8CE2B3DC-4ABA-41B0-9E47-B1268EE305BC}
		{D148B5AA-5C09-40EC-95D1-3FEC59D3BDCC} = {E8889274-28E8-440B-AAB2-1E0200D62F7A}
		{B21296FF-0738-4ECE-8741-50B6BF5B9F9A} = {E8889274-28E8-440B-AAB2-1E0200D62F7A}
		{F51CD9E6-9825-4157-9DBB-7D0C81BE7742} = {DF8CF2D6-92A2-46BC-A3D2-F10701100276}
		{122A2977-0DDD-46A3-B318-EBBA6D25D7AB} = {7BBE2F39-5C0F-4E1E-B7F4-38BFFA1F56C4}
		{2F3E6488-BFCE-414A-B4DF-C533E324A3F2} = {122A2977-0DDD-46A3-B318-EBBA6D25D7AB}
		{F7CAAA99-12B1-4E2D-9400-CDF2BCE9EC09} = {2F3E6488-BFCE-414A-B4DF-C533E324A3F2}
		{64486E51-93D2-472E-866D-AE8D49FC42BA} = {2F3E6488-BFCE-414A-B4DF-C533E324A3F2}
		{F246E8F8-7A56-4047-A774-5938D710437D} = {122A2977-0DDD-46A3-B318-EBBA6D25D7AB}
		{75A35944-9A1D-4F98-96C7-0516DB048F01} = {F246E8F8-7A56-4047-A774-5938D710437D}
		{481EBD57-DCC3-43B5-BEAE-EF105F607E2B} = {F246E8F8-7A56-4047-A774-5938D710437D}
	EndGlobalSection
	GlobalSection(ExtensibilityGlobals) = postSolution
		SolutionGuid = {EC5DCD9A-8F12-46B8-B484-DA2B7DCF32E6}
	EndGlobalSection
EndGlobal
